
Microsoft Visual Studio Solution File, Format Version 12.00
# Visual Studio Version 16
VisualStudioVersion = 16.0.31410.357
MinimumVisualStudioVersion = 10.0.40219.1
Project("{FAE04EC0-301F-11D3-BF4B-00C04F79EFBC}") = "Copy_Log_MPK", "Copy_Log_StoLoto\Copy_Log_MPK.csproj", "{A75D3B09-0E17-4561-97BD-B9DBC2EC8DE9}"
EndProject
Global
	GlobalSection(SolutionConfigurationPlatforms) = preSolution
		Debug|Any CPU = Debug|Any CPU
		Release|Any CPU = Release|Any CPU
		версия 1.1|Any CPU = версия 1.1|Any CPU
	EndGlobalSection
	GlobalSection(ProjectConfigurationPlatforms) = postSolution
		{A75D3B09-0E17-4561-97BD-B9DBC2EC8DE9}.Debug|Any CPU.ActiveCfg = Release|Any CPU
		{A75D3B09-0E17-4561-97BD-B9DBC2EC8DE9}.Debug|Any CPU.Build.0 = Release|Any CPU
		{A75D3B09-0E17-4561-97BD-B9DBC2EC8DE9}.Release|Any CPU.ActiveCfg = Release|Any CPU
		{A75D3B09-0E17-4561-97BD-B9DBC2EC8DE9}.Release|Any CPU.Build.0 = Release|Any CPU
		{A75D3B09-0E17-4561-97BD-B9DBC2EC8DE9}.версия 1.1|Any CPU.ActiveCfg = версия 1.1|Any CPU
		{A75D3B09-0E17-4561-97BD-B9DBC2EC8DE9}.версия 1.1|Any CPU.Build.0 = версия 1.1|Any CPU
	EndGlobalSection
	GlobalSection(SolutionProperties) = preSolution
		HideSolutionNode = FALSE
	EndGlobalSection
	GlobalSection(ExtensibilityGlobals) = postSolution
		SolutionGuid = {6F072F6F-D81E-49BA-B862-1FBE5A8D7AE8}
	EndGlobalSection
EndGlobal
